
Microsoft Visual Studio Solution File, Format Version 12.00
# Visual Studio 14
VisualStudioVersion = 14.0.25420.1
MinimumVisualStudioVersion = 10.0.40219.1
Project("{FAE04EC0-301F-11D3-BF4B-00C04F79EFBC}") = "MainApp", "MainApp\MainApp.csproj", "{5F399E09-258E-4E25-B897-3C9F2824B3A1}"
EndProject
Project("{FAE04EC0-301F-11D3-BF4B-00C04F79EFBC}") = "Styles", "Components\Styles.csproj", "{0797C812-EA1C-46C1-A8B2-1B8EE671F38F}"
EndProject
Project("{FAE04EC0-301F-11D3-BF4B-00C04F79EFBC}") = "Models", "Models\Models.csproj", "{CDB711AB-AF5C-4F1F-9504-6D21F9DA7767}"
EndProject
Global
	GlobalSection(SolutionConfigurationPlatforms) = preSolution
		Debug|Any CPU = Debug|Any CPU
		Release|Any CPU = Release|Any CPU
	EndGlobalSection
	GlobalSection(ProjectConfigurationPlatforms) = postSolution
		{5F399E09-258E-4E25-B897-3C9F2824B3A1}.Debug|Any CPU.ActiveCfg = Debug|Any CPU
		{5F399E09-258E-4E25-B897-3C9F2824B3A1}.Debug|Any CPU.Build.0 = Debug|Any CPU
		{5F399E09-258E-4E25-B897-3C9F2824B3A1}.Release|Any CPU.ActiveCfg = Release|Any CPU
		{5F399E09-258E-4E25-B897-3C9F2824B3A1}.Release|Any CPU.Build.0 = Release|Any CPU
		{0797C812-EA1C-46C1-A8B2-1B8EE671F38F}.Debug|Any CPU.ActiveCfg = Debug|Any CPU
		{0797C812-EA1C-46C1-A8B2-1B8EE671F38F}.Debug|Any CPU.Build.0 = Debug|Any CPU
		{0797C812-EA1C-46C1-A8B2-1B8EE671F38F}.Release|Any CPU.ActiveCfg = Release|Any CPU
		{0797C812-EA1C-46C1-A8B2-1B8EE671F38F}.Release|Any CPU.Build.0 = Release|Any CPU
		{CDB711AB-AF5C-4F1F-9504-6D21F9DA7767}.Debug|Any CPU.ActiveCfg = Debug|Any CPU
		{CDB711AB-AF5C-4F1F-9504-6D21F9DA7767}.Debug|Any CPU.Build.0 = Debug|Any CPU
		{CDB711AB-AF5C-4F1F-9504-6D21F9DA7767}.Release|Any CPU.ActiveCfg = Release|Any CPU
		{CDB711AB-AF5C-4F1F-9504-6D21F9DA7767}.Release|Any CPU.Build.0 = Release|Any CPU
	EndGlobalSection
	GlobalSection(SolutionProperties) = preSolution
		HideSolutionNode = FALSE
	EndGlobalSection
EndGlobal
